
Microsoft Visual Studio Solution File, Format Version 12.00
# Visual Studio Version 17
VisualStudioVersion = 17.3.32922.545
MinimumVisualStudioVersion = 10.0.40219.1
Project("{FAE04EC0-301F-11D3-BF4B-00C04F79EFBC}") = "LEC_09 - HW", "LEC_09 - HW.csproj", "{ECEA95B9-4452-403D-8CFE-6D8F2905A463}"
EndProject
Global
	GlobalSection(SolutionConfigurationPlatforms) = preSolution
		Debug|Any CPU = Debug|Any CPU
		Release|Any CPU = Release|Any CPU
	EndGlobalSection
	GlobalSection(ProjectConfigurationPlatforms) = postSolution
		{ECEA95B9-4452-403D-8CFE-6D8F2905A463}.Debug|Any CPU.ActiveCfg = Debug|Any CPU
		{ECEA95B9-4452-403D-8CFE-6D8F2905A463}.Debug|Any CPU.Build.0 = Debug|Any CPU
		{ECEA95B9-4452-403D-8CFE-6D8F2905A463}.Release|Any CPU.ActiveCfg = Release|Any CPU
		{ECEA95B9-4452-403D-8CFE-6D8F2905A463}.Release|Any CPU.Build.0 = Release|Any CPU
	EndGlobalSection
	GlobalSection(SolutionProperties) = preSolution
		HideSolutionNode = FALSE
	EndGlobalSection
	GlobalSection(ExtensibilityGlobals) = postSolution
		SolutionGuid = {4DFDE735-2689-42E6-8226-4BF6DA6D7C6B}
	EndGlobalSection
EndGlobal
